github.com/agiledragon/gomonkey/v2 v2.11.0 h1:5oxSgA+tC1xuGsrIorR+sYiziYltmJyEZ9qA25b6l5U=
github.com/agiledragon/gomonkey/v2 v2.11.0/go.mod h1:ap1AmDzcVOAz1YpeJ3TCzIgstoaWLA6jbbgxfB4w2iY=
github.com/bits-and-blooms/bitset v1.13.0 h1:bAQ9OPNFYbGHV6Nez0tmNI0RiEu7/hxlYJRUA0wFAVE=
github.com/bits-and-blooms/bitset v1.13.0/go.mod h1:7hO7Gc7Pp1vODcmWvKMRA9BNmbv6a/7QIWpPxHddWR8=
github.com/gorilla/mux v1.8.1 h1:TuBL49tXwgrFYWhqrNgrUNEY92u81SPhu7sTdzQEiWY=
github.com/gorilla/mux v1.8.1/go.mod h1:AKf9I4AEqPTmMytcMc0KkNouC66V3BtZ4qD5fmWSiMQ=
github.com/herumi/bls-go-binary v1.33.0 h1:OJwWkXTsxF7SLHT8cBLJfb6i97KHfrG4DkgejLcDm78=
github.com/herumi/bls-go-binary v1.33.0/go.mod h1:O4Vp1AfR4raRGwFeQpr9X/PQtncEicMoOe6BQt1oX0Y=
github.com/klauspost/cpuid/v2 v2.2.6 h1:ndNyv040zDGIDh8thGkXYjnFtiN02M1PVVF+JE/48xc=
github.com/klauspost/cpuid/v2 v2.2.6/go.mod h1:Lcz8mBdAVJIBVzewtcLocK12l3Y+JytZYpaMropDUws=
github.com/klauspost/reedsolomon v1.12.1 h1:NhWgum1efX1x58daOBGCFWcxtEhOhXKKl1HAPQUp03Q=
github.com/klauspost/reedsolomon v1.12.1/go.mod h1:nEi5Kjb6QqtbofI6s+cbG/j1da11c96IBYBSnVGtuBs=
github.com/txaty/go-merkletree v0.2.2 h1:K5bHDFK+Q3KK+gEJeyTOECKuIwl/LVo4CI+cm0/p34g=
github.com/txaty/go-merkletree v0.2.2/go.mod h1:w5HPEu7ubNw5LzS+91m+1/GtuZcWHKiPU3vEGi+ThJM=
golang.org/x/sync v0.5.0 h1:60k92dhOjHxJkrqnwsfl8KuaHbn/5dl0lUPUklKo3qE=
golang.org/x/sync v0.5.0/go.mod h1:Czt+wKu1gCyEFDUtn0jG5QVvpJ6rzVqr5aXyt9drQfk=
golang.org/x/sys v0.5.0 h1:MUK/U/4lj1t1oPg0HfuXDN/Z1wv31ZJ/YcPiGccS4DU=
golang.org/x/sys v0.5.0/go.mod h1:oPkhp1MJrh7nUepCBck5+mAzfO9JrbApNNgaTdGDITg=
